# This file is automatically @generated by Cargo.
# It is not intended for manual editing.
[[package]]
name = "bitflags"
version = "1.2.1"
source = "registry+https://github.com/rust-lang/crates.io-index"

[[package]]
name = "drod-rpg-solver"
version = "0.1.0"
dependencies = [
 "bitflags 1.2.1 (registry+https://github.com/rust-lang/crates.io-index)",
 "rust-dense-bitset 0.1.1 (registry+https://github.com/rust-lang/crates.io-index)",
]

[[package]]
name = "rust-dense-bitset"
version = "0.1.1"
source = "registry+https://github.com/rust-lang/crates.io-index"

[metadata]
"checksum bitflags 1.2.1 (registry+https://github.com/rust-lang/crates.io-index)" = "cf1de2fe8c75bc145a2f577add951f8134889b4795d47466a54a5c846d691693"
"checksum rust-dense-bitset 0.1.1 (registry+https://github.com/rust-lang/crates.io-index)" = "32ce26bf673f429c3ed2f6cd59bf61df4a6e48300e5c36b15c355045111f3fbb"
